
Microsoft Visual Studio Solution File, Format Version 12.00
# Visual Studio Version 16
VisualStudioVersion = 16.0.32802.440
MinimumVisualStudioVersion = 10.0.40219.1
Project("{FAE04EC0-301F-11D3-BF4B-00C04F79EFBC}") = "aula03-", "aula03-\aula03-.csproj", "{306F743C-AB30-4915-8079-C4A5654E8DF3}"
EndProject
Global
	GlobalSection(SolutionConfigurationPlatforms) = preSolution
		Debug|Any CPU = Debug|Any CPU
		Release|Any CPU = Release|Any CPU
	EndGlobalSection
	GlobalSection(ProjectConfigurationPlatforms) = postSolution
		{306F743C-AB30-4915-8079-C4A5654E8DF3}.Debug|Any CPU.ActiveCfg = Debug|Any CPU
		{306F743C-AB30-4915-8079-C4A5654E8DF3}.Debug|Any CPU.Build.0 = Debug|Any CPU
		{306F743C-AB30-4915-8079-C4A5654E8DF3}.Release|Any CPU.ActiveCfg = Release|Any CPU
		{306F743C-AB30-4915-8079-C4A5654E8DF3}.Release|Any CPU.Build.0 = Release|Any CPU
	EndGlobalSection
	GlobalSection(SolutionProperties) = preSolution
		HideSolutionNode = FALSE
	EndGlobalSection
	GlobalSection(ExtensibilityGlobals) = postSolution
		SolutionGuid = {6A2F5CFD-A0F3-49AE-92A9-D11CFCFF8EF2}
	EndGlobalSection
EndGlobal
